
Microsoft Visual Studio Solution File, Format Version 12.00
# Visual Studio Version 17
VisualStudioVersion = 17.4.33122.133
MinimumVisualStudioVersion = 10.0.40219.1
Project("{FAE04EC0-301F-11D3-BF4B-00C04F79EFBC}") = "Warhammer Random campaign generator", "Warhammer Random campaign generator\Warhammer Random campaign generator.csproj", "{1B814031-A306-4E11-8E9C-B7AB32679A5C}"
EndProject
Global
	GlobalSection(SolutionConfigurationPlatforms) = preSolution
		Debug|Any CPU = Debug|Any CPU
		Release|Any CPU = Release|Any CPU
	EndGlobalSection
	GlobalSection(ProjectConfigurationPlatforms) = postSolution
		{1B814031-A306-4E11-8E9C-B7AB32679A5C}.Debug|Any CPU.ActiveCfg = Debug|Any CPU
		{1B814031-A306-4E11-8E9C-B7AB32679A5C}.Debug|Any CPU.Build.0 = Debug|Any CPU
		{1B814031-A306-4E11-8E9C-B7AB32679A5C}.Release|Any CPU.ActiveCfg = Release|Any CPU
		{1B814031-A306-4E11-8E9C-B7AB32679A5C}.Release|Any CPU.Build.0 = Release|Any CPU
	EndGlobalSection
	GlobalSection(SolutionProperties) = preSolution
		HideSolutionNode = FALSE
	EndGlobalSection
	GlobalSection(ExtensibilityGlobals) = postSolution
		SolutionGuid = {3E3E64EB-9F8D-4A9A-8B28-64A1CFA562C3}
	EndGlobalSection
EndGlobal
